
Microsoft Visual Studio Solution File, Format Version 12.00
# Visual Studio 15
VisualStudioVersion = 15.0.28307.1169
MinimumVisualStudioVersion = 10.0.40219.1
Project("{FAE04EC0-301F-11D3-BF4B-00C04F79EFBC}") = "PPMLib", "PPMLib\PPMLib.csproj", "{75E6691F-5EF0-4102-9FF0-199CA0D9F7E1}"
EndProject
Project("{FAE04EC0-301F-11D3-BF4B-00C04F79EFBC}") = "PPMTest", "PPMTest\PPMTest.csproj", "{CC2B38D8-029F-4B67-94A7-21E7F2DAD3D8}"
EndProject
Global
	GlobalSection(SolutionConfigurationPlatforms) = preSolution
		Debug|Any CPU = Debug|Any CPU
		Release|Any CPU = Release|Any CPU
	EndGlobalSection
	GlobalSection(ProjectConfigurationPlatforms) = postSolution
		{75E6691F-5EF0-4102-9FF0-199CA0D9F7E1}.Debug|Any CPU.ActiveCfg = Debug|Any CPU
		{75E6691F-5EF0-4102-9FF0-199CA0D9F7E1}.Debug|Any CPU.Build.0 = Debug|Any CPU
		{75E6691F-5EF0-4102-9FF0-199CA0D9F7E1}.Release|Any CPU.ActiveCfg = Release|Any CPU
		{75E6691F-5EF0-4102-9FF0-199CA0D9F7E1}.Release|Any CPU.Build.0 = Release|Any CPU
		{CC2B38D8-029F-4B67-94A7-21E7F2DAD3D8}.Debug|Any CPU.ActiveCfg = Debug|Any CPU
		{CC2B38D8-029F-4B67-94A7-21E7F2DAD3D8}.Debug|Any CPU.Build.0 = Debug|Any CPU
		{CC2B38D8-029F-4B67-94A7-21E7F2DAD3D8}.Release|Any CPU.ActiveCfg = Release|Any CPU
		{CC2B38D8-029F-4B67-94A7-21E7F2DAD3D8}.Release|Any CPU.Build.0 = Release|Any CPU
	EndGlobalSection
	GlobalSection(SolutionProperties) = preSolution
		HideSolutionNode = FALSE
	EndGlobalSection
	GlobalSection(ExtensibilityGlobals) = postSolution
		SolutionGuid = {2B491C70-863D-4C78-A335-D613AF39E5D5}
	EndGlobalSection
EndGlobal
